Microsoft Visual Studio Solution File, Format Version 10.00
# Visual Studio 2008
Project("{2150E333-8FDC-42A3-9474-1A3956D46DE8}") = "Solution Items", "Solution Items", "{AF8BC649-0F2E-4D34-A259-D406F0438C02}"
	ProjectSection(SolutionItems) = preProject
		..\go.bat = ..\go.bat
		..\license.txt = ..\license.txt
		..\TreeSurgeon.build = ..\TreeSurgeon.build
		..\TreeSurgeon.nsi = ..\TreeSurgeon.nsi
	EndProjectSection
EndProject
Project("{2150E333-8FDC-42A3-9474-1A3956D46DE8}") = "Source", "Source", "{FBD65AD3-E8DC-40B9-9EA3-D4F7E5E3CBE6}"
EndProject
Project("{2150E333-8FDC-42A3-9474-1A3956D46DE8}") = "Tests", "Tests", "{A1DA5F04-D8AF-4824-ACB7-F8EE1CBE682E}"
EndProject
Project("{FAE04EC0-301F-11D3-BF4B-00C04F79EFBC}") = "TreeSurgeonConsole", "TreeSurgeonConsole\TreeSurgeonConsole.csproj", "{4D1E9AF3-029C-44F6-B84D-1D6501BA579C}"
EndProject
Project("{FAE04EC0-301F-11D3-BF4B-00C04F79EFBC}") = "Core", "Core\Core.csproj", "{122C6B21-ECAE-4535-9B15-F379A866F12F}"
EndProject
Project("{FAE04EC0-301F-11D3-BF4B-00C04F79EFBC}") = "UnitTests", "UnitTests\UnitTests.csproj", "{7BFC0E3E-3348-4DE3-AC80-C9769699DA0C}"
EndProject
Project("{FAE04EC0-301F-11D3-BF4B-00C04F79EFBC}") = "AcceptanceTests", "AcceptanceTests\AcceptanceTests.csproj", "{7CF4428D-1BD0-4C5C-885E-2706C9C8D761}"
EndProject
Project("{FAE04EC0-301F-11D3-BF4B-00C04F79EFBC}") = "WindowsUI", "WindowsUI\WindowsUI.csproj", "{C3F214DF-60A1-484F-AB09-1238248D9301}"
EndProject
Project("{FAE04EC0-301F-11D3-BF4B-00C04F79EFBC}") = "PresentationFoundationUI", "PresentationFoundationUI\PresentationFoundationUI.csproj", "{84365A87-40A1-4E31-A4BA-F71E4C1FBA61}"
EndProject
Project("{FAE04EC0-301F-11D3-BF4B-00C04F79EFBC}") = "TreeSurgeonConsoleApplication", "TreeSurgeonConsoleApplication\TreeSurgeonConsoleApplication.csproj", "{6A11394B-011F-48FC-BF02-3E01CCCE1610}"
EndProject
Global
	GlobalSection(SolutionConfigurationPlatforms) = preSolution
		AutomatedDebug|Any CPU = AutomatedDebug|Any CPU
		Debug|Any CPU = Debug|Any CPU
		Release|Any CPU = Release|Any CPU
	EndGlobalSection
	GlobalSection(ProjectConfigurationPlatforms) = postSolution
		{4D1E9AF3-029C-44F6-B84D-1D6501BA579C}.AutomatedDebug|Any CPU.ActiveCfg = AutomatedDebug|Any CPU
		{4D1E9AF3-029C-44F6-B84D-1D6501BA579C}.AutomatedDebug|Any CPU.Build.0 = AutomatedDebug|Any CPU
		{4D1E9AF3-029C-44F6-B84D-1D6501BA579C}.Debug|Any CPU.ActiveCfg = Debug|Any CPU
		{4D1E9AF3-029C-44F6-B84D-1D6501BA579C}.Debug|Any CPU.Build.0 = Debug|Any CPU
		{4D1E9AF3-029C-44F6-B84D-1D6501BA579C}.Release|Any CPU.ActiveCfg = Release|Any CPU
		{4D1E9AF3-029C-44F6-B84D-1D6501BA579C}.Release|Any CPU.Build.0 = Release|Any CPU
		{122C6B21-ECAE-4535-9B15-F379A866F12F}.AutomatedDebug|Any CPU.ActiveCfg = AutomatedDebug|Any CPU
		{122C6B21-ECAE-4535-9B15-F379A866F12F}.AutomatedDebug|Any CPU.Build.0 = AutomatedDebug|Any CPU
		{122C6B21-ECAE-4535-9B15-F379A866F12F}.Debug|Any CPU.ActiveCfg = Debug|Any CPU
		{122C6B21-ECAE-4535-9B15-F379A866F12F}.Debug|Any CPU.Build.0 = Debug|Any CPU
		{122C6B21-ECAE-4535-9B15-F379A866F12F}.Release|Any CPU.ActiveCfg = Release|Any CPU
		{122C6B21-ECAE-4535-9B15-F379A866F12F}.Release|Any CPU.Build.0 = Release|Any CPU
		{7BFC0E3E-3348-4DE3-AC80-C9769699DA0C}.AutomatedDebug|Any CPU.ActiveCfg = AutomatedDebug|Any CPU
		{7BFC0E3E-3348-4DE3-AC80-C9769699DA0C}.AutomatedDebug|Any CPU.Build.0 = AutomatedDebug|Any CPU
		{7BFC0E3E-3348-4DE3-AC80-C9769699DA0C}.Debug|Any CPU.ActiveCfg = Debug|Any CPU
		{7BFC0E3E-3348-4DE3-AC80-C9769699DA0C}.Debug|Any CPU.Build.0 = Debug|Any CPU
		{7BFC0E3E-3348-4DE3-AC80-C9769699DA0C}.Release|Any CPU.ActiveCfg = Release|Any CPU
		{7BFC0E3E-3348-4DE3-AC80-C9769699DA0C}.Release|Any CPU.Build.0 = Release|Any CPU
		{7CF4428D-1BD0-4C5C-885E-2706C9C8D761}.AutomatedDebug|Any CPU.ActiveCfg = AutomatedDebug|Any CPU
		{7CF4428D-1BD0-4C5C-885E-2706C9C8D761}.AutomatedDebug|Any CPU.Build.0 = AutomatedDebug|Any CPU
		{7CF4428D-1BD0-4C5C-885E-2706C9C8D761}.Debug|Any CPU.ActiveCfg = Debug|Any CPU
		{7CF4428D-1BD0-4C5C-885E-2706C9C8D761}.Debug|Any CPU.Build.0 = Debug|Any CPU
		{7CF4428D-1BD0-4C5C-885E-2706C9C8D761}.Release|Any CPU.ActiveCfg = Release|Any CPU
		{7CF4428D-1BD0-4C5C-885E-2706C9C8D761}.Release|Any CPU.Build.0 = Release|Any CPU
		{C3F214DF-60A1-484F-AB09-1238248D9301}.AutomatedDebug|Any CPU.ActiveCfg = AutomatedDebug|Any CPU
		{C3F214DF-60A1-484F-AB09-1238248D9301}.AutomatedDebug|Any CPU.Build.0 = AutomatedDebug|Any CPU
		{C3F214DF-60A1-484F-AB09-1238248D9301}.Debug|Any CPU.ActiveCfg = Debug|Any CPU
		{C3F214DF-60A1-484F-AB09-1238248D9301}.Debug|Any CPU.Build.0 = Debug|Any CPU
		{C3F214DF-60A1-484F-AB09-1238248D9301}.Release|Any CPU.ActiveCfg = Release|Any CPU
		{C3F214DF-60A1-484F-AB09-1238248D9301}.Release|Any CPU.Build.0 = Release|Any CPU
		{84365A87-40A1-4E31-A4BA-F71E4C1FBA61}.AutomatedDebug|Any CPU.ActiveCfg = Debug|Any CPU
		{84365A87-40A1-4E31-A4BA-F71E4C1FBA61}.AutomatedDebug|Any CPU.Build.0 = Debug|Any CPU
		{84365A87-40A1-4E31-A4BA-F71E4C1FBA61}.Debug|Any CPU.ActiveCfg = Debug|Any CPU
		{84365A87-40A1-4E31-A4BA-F71E4C1FBA61}.Debug|Any CPU.Build.0 = Debug|Any CPU
		{84365A87-40A1-4E31-A4BA-F71E4C1FBA61}.Release|Any CPU.ActiveCfg = Release|Any CPU
		{84365A87-40A1-4E31-A4BA-F71E4C1FBA61}.Release|Any CPU.Build.0 = Release|Any CPU
		{6A11394B-011F-48FC-BF02-3E01CCCE1610}.AutomatedDebug|Any CPU.ActiveCfg = Debug|Any CPU
		{6A11394B-011F-48FC-BF02-3E01CCCE1610}.AutomatedDebug|Any CPU.Build.0 = Debug|Any CPU
		{6A11394B-011F-48FC-BF02-3E01CCCE1610}.Debug|Any CPU.ActiveCfg = Debug|Any CPU
		{6A11394B-011F-48FC-BF02-3E01CCCE1610}.Debug|Any CPU.Build.0 = Debug|Any CPU
		{6A11394B-011F-48FC-BF02-3E01CCCE1610}.Release|Any CPU.ActiveCfg = Release|Any CPU
		{6A11394B-011F-48FC-BF02-3E01CCCE1610}.Release|Any CPU.Build.0 = Release|Any CPU
	EndGlobalSection
	GlobalSection(SolutionProperties) = preSolution
		HideSolutionNode = FALSE
	EndGlobalSection
	GlobalSection(NestedProjects) = preSolution
		{4D1E9AF3-029C-44F6-B84D-1D6501BA579C} = {FBD65AD3-E8DC-40B9-9EA3-D4F7E5E3CBE6}
		{122C6B21-ECAE-4535-9B15-F379A866F12F} = {FBD65AD3-E8DC-40B9-9EA3-D4F7E5E3CBE6}
		{C3F214DF-60A1-484F-AB09-1238248D9301} = {FBD65AD3-E8DC-40B9-9EA3-D4F7E5E3CBE6}
		{84365A87-40A1-4E31-A4BA-F71E4C1FBA61} = {FBD65AD3-E8DC-40B9-9EA3-D4F7E5E3CBE6}
		{6A11394B-011F-48FC-BF02-3E01CCCE1610} = {FBD65AD3-E8DC-40B9-9EA3-D4F7E5E3CBE6}
		{7BFC0E3E-3348-4DE3-AC80-C9769699DA0C} = {A1DA5F04-D8AF-4824-ACB7-F8EE1CBE682E}
		{7CF4428D-1BD0-4C5C-885E-2706C9C8D761} = {A1DA5F04-D8AF-4824-ACB7-F8EE1CBE682E}
	EndGlobalSection
EndGlobal
